
Microsoft Visual Studio Solution File, Format Version 12.00
# Visual Studio Version 16
VisualStudioVersion = 16.0.30517.126
MinimumVisualStudioVersion = 10.0.40219.1
Project("{8BC9CEB8-8B4A-11D0-8D11-00A0C91BC942}") = "Лаб7_5", "Лаб7_5.vcxproj", "{9CD30808-A685-4EBC-878B-5C84C7229CE5}"
EndProject
Global
	GlobalSection(SolutionConfigurationPlatforms) = preSolution
		Debug|x64 = Debug|x64
		Debug|x86 = Debug|x86
		Release|x64 = Release|x64
		Release|x86 = Release|x86
	EndGlobalSection
	GlobalSection(ProjectConfigurationPlatforms) = postSolution
		{9CD30808-A685-4EBC-878B-5C84C7229CE5}.Debug|x64.ActiveCfg = Debug|x64
		{9CD30808-A685-4EBC-878B-5C84C7229CE5}.Debug|x64.Build.0 = Debug|x64
		{9CD30808-A685-4EBC-878B-5C84C7229CE5}.Debug|x86.ActiveCfg = Debug|Win32
		{9CD30808-A685-4EBC-878B-5C84C7229CE5}.Debug|x86.Build.0 = Debug|Win32
		{9CD30808-A685-4EBC-878B-5C84C7229CE5}.Release|x64.ActiveCfg = Release|x64
		{9CD30808-A685-4EBC-878B-5C84C7229CE5}.Release|x64.Build.0 = Release|x64
		{9CD30808-A685-4EBC-878B-5C84C7229CE5}.Release|x86.ActiveCfg = Release|Win32
		{9CD30808-A685-4EBC-878B-5C84C7229CE5}.Release|x86.Build.0 = Release|Win32
	EndGlobalSection
	GlobalSection(SolutionProperties) = preSolution
		HideSolutionNode = FALSE
	EndGlobalSection
	GlobalSection(ExtensibilityGlobals) = postSolution
		SolutionGuid = {3552B4D0-037A-4218-8382-55512F4D29B0}
	EndGlobalSection
EndGlobal
